
Microsoft Visual Studio Solution File, Format Version 12.00
# Visual Studio Version 17
VisualStudioVersion = 17.9.34622.214
MinimumVisualStudioVersion = 10.0.40219.1
Project("{FAE04EC0-301F-11D3-BF4B-00C04F79EFBC}") = "WeatherChecker", "WeatherChecker.csproj", "{2A81646C-F554-4C3C-9CAA-D599B5C76937}"
EndProject
Global
	GlobalSection(SolutionConfigurationPlatforms) = preSolution
		Debug|Any CPU = Debug|Any CPU
		Release|Any CPU = Release|Any CPU
	EndGlobalSection
	GlobalSection(ProjectConfigurationPlatforms) = postSolution
		{2A81646C-F554-4C3C-9CAA-D599B5C76937}.Debug|Any CPU.ActiveCfg = Debug|Any CPU
		{2A81646C-F554-4C3C-9CAA-D599B5C76937}.Debug|Any CPU.Build.0 = Debug|Any CPU
		{2A81646C-F554-4C3C-9CAA-D599B5C76937}.Release|Any CPU.ActiveCfg = Release|Any CPU
		{2A81646C-F554-4C3C-9CAA-D599B5C76937}.Release|Any CPU.Build.0 = Release|Any CPU
	EndGlobalSection
	GlobalSection(SolutionProperties) = preSolution
		HideSolutionNode = FALSE
	EndGlobalSection
	GlobalSection(ExtensibilityGlobals) = postSolution
		SolutionGuid = {80A51A9E-2CEE-42B1-AB1C-1CE4981E04D1}
	EndGlobalSection
EndGlobal
